// !$*UTF8*$!
{
	archiveVersion = 1;
	classes = {
	};
	objectVersion = 46;
	objects = {

/* Begin PBXBuildFile section */
		23A2C014BC3D6A9F81E2C003 /* TableViewDataSource.swift in Sources */ = {isa = PBXBuildFile; fileRef = 1B2617104712BFCC701C2EFB /* TableViewDataSource.swift */; };
		337D219E3F1D31CC95EBBD2E /* UITableView+Dwifft.swift in Sources */ = {isa = PBXBuildFile; fileRef = ECF864EB04E4D832195D351B /* UITableView+Dwifft.swift */; };
		3816C9C00F452C6A8C194BF2 /* Synchronizer+UICollectionView.swift in Sources */ = {isa = PBXBuildFile; fileRef = EE225CA1F9E0A88054679D5F /* Synchronizer+UICollectionView.swift */; };
		53FE0FB4607C413D08986239 /* UICollectionView+Dwifft.swift in Sources */ = {isa = PBXBuildFile; fileRef = 7CC7D0D3C6E31B6E33A0D045 /* UICollectionView+Dwifft.swift */; };
		56C683623E99F078367F5A42 /* CollectionViewDataSource.swift in Sources */ = {isa = PBXBuildFile; fileRef = C0A74FE0AE1854839B53CB84 /* CollectionViewDataSource.swift */; };
		8C8C801A687C15EC18B7696D /* Foundation.framework in Frameworks */ = {isa = PBXBuildFile; fileRef = 0B85872E30A784BBB38FA494 /* Foundation.framework */; };
		8D34D64B88A7A7D8FA7B8675 /* Main.swift in Sources */ = {isa = PBXBuildFile; fileRef = 1CA8064661A52388D08C71C2 /* Main.swift */; };
		C06047CF808D0E7A496DA455 /* Pods_Fwk.framework in Frameworks */ = {isa = PBXBuildFile; fileRef = D1B8A626D20B2C5CA087BA0E /* Pods_Fwk.framework */; };
		C73908FA0A72320B57C93810 /* Pods_Tests.framework in Frameworks */ = {isa = PBXBuildFile; fileRef = CB2D341BC766C956C34B3BC5 /* Pods_Tests.framework */; };
		E00C190769327B374709DFD3 /* SectionedDataSource.swift in Sources */ = {isa = PBXBuildFile; fileRef = 2D344618869217120F20F5F6 /* SectionedDataSource.swift */; };
		EE4C74EC61BDDD9773887B29 /* Synchronizer+UITableView.swift in Sources */ = {isa = PBXBuildFile; fileRef = E8B6AC0F9F6B2904F02F66C2 /* Synchronizer+UITableView.swift */; };
		F01819958DB6A3D24CBD7E3F /* Synchronizer.swift in Sources */ = {isa = PBXBuildFile; fileRef = E5FCA96BE2FD078F8E7AFCA3 /* Synchronizer.swift */; };
		FEDB1D861FC808E4A0AA7611 /* Foundation.framework in Frameworks */ = {isa = PBXBuildFile; fileRef = 0B85872E30A784BBB38FA494 /* Foundation.framework */; };
/* End PBXBuildFile section */

/* Begin PBXContainerItemProxy section */
		A87C2774053DD4C535286A0B /* PBXContainerItemProxy */ = {
			isa = PBXContainerItemProxy;
			containerPortal = C614FAA283D85BC41C242B09 /* Project object */;
			proxyType = 1;
			remoteGlobalIDString = D2C445C15321609F94C45C34;
			remoteInfo = Fwk;
		};
/* End PBXContainerItemProxy section */

/* Begin PBXCopyFilesBuildPhase section */
		7F0D99692AE0250B2FFCAFE6 /* Embed Frameworks */ = {
			isa = PBXCopyFilesBuildPhase;
			buildActionMask = 2147483647;
			dstPath = "";
			dstSubfolderSpec = 10;
			files = (
			);
			name = "Embed Frameworks";
			runOnlyForDeploymentPostprocessing = 0;
		};
		DA4928C724604F24253B5578 /* Embed Frameworks */ = {
			isa = PBXCopyFilesBuildPhase;
			buildActionMask = 2147483647;
			dstPath = "";
			dstSubfolderSpec = 10;
			files = (
			);
			name = "Embed Frameworks";
			runOnlyForDeploymentPostprocessing = 0;
		};
/* End PBXCopyFilesBuildPhase section */

/* Begin PBXFileReference section */
		0B85872E30A784BBB38FA494 /* Foundation.framework */ = {isa = PBXFileReference; lastKnownFileType = wrapper.framework; name = Foundation.framework; path = Platforms/iPhoneOS.platform/Developer/SDKs/iPhoneOS10.3.sdk/System/Library/Frameworks/Foundation.framework; sourceTree = DEVELOPER_DIR; };
		1A9797814694F73A86F2172D /* Tests.xctest */ = {isa = PBXFileReference; explicitFileType = wrapper.cfbundle; includeInIndex = 0; path = Tests.xctest; sourceTree = BUILT_PRODUCTS_DIR; };
		1B2617104712BFCC701C2EFB /* TableViewDataSource.swift */ = {isa = PBXFileReference; includeInIndex = 1; lastKnownFileType = sourcecode.swift; path = TableViewDataSource.swift; sourceTree = "<group>"; };
		1CA8064661A52388D08C71C2 /* Main.swift */ = {isa = PBXFileReference; includeInIndex = 1; lastKnownFileType = sourcecode.swift; path = Main.swift; sourceTree = "<group>"; };
		2D344618869217120F20F5F6 /* SectionedDataSource.swift */ = {isa = PBXFileReference; includeInIndex = 1; lastKnownFileType = sourcecode.swift; path = SectionedDataSource.swift; sourceTree = "<group>"; };
		7CC7D0D3C6E31B6E33A0D045 /* UICollectionView+Dwifft.swift */ = {isa = PBXFileReference; includeInIndex = 1; lastKnownFileType = sourcecode.swift; path = "UICollectionView+Dwifft.swift"; sourceTree = "<group>"; };
		7EED474098286B2F23D29D2E /* Pods-Fwk.debug.xcconfig */ = {isa = PBXFileReference; includeInIndex = 1; lastKnownFileType = text.xcconfig; name = "Pods-Fwk.debug.xcconfig"; path = "Pods/Target Support Files/Pods-Fwk/Pods-Fwk.debug.xcconfig"; sourceTree = "<group>"; };
		9A77903D3034C1C4315AFDA1 /* XCECollectionData.framework */ = {isa = PBXFileReference; explicitFileType = wrapper.framework; includeInIndex = 0; path = XCECollectionData.framework; sourceTree = BUILT_PRODUCTS_DIR; };
		A897D894390C7DBBF67239FD /* Pods-Tests.debug.xcconfig */ = {isa = PBXFileReference; includeInIndex = 1; lastKnownFileType = text.xcconfig; name = "Pods-Tests.debug.xcconfig"; path = "Pods/Target Support Files/Pods-Tests/Pods-Tests.debug.xcconfig"; sourceTree = "<group>"; };
		B9F1632D156DEDDAE86AFCD9 /* Pods-Fwk.release.xcconfig */ = {isa = PBXFileReference; includeInIndex = 1; lastKnownFileType = text.xcconfig; name = "Pods-Fwk.release.xcconfig"; path = "Pods/Target Support Files/Pods-Fwk/Pods-Fwk.release.xcconfig"; sourceTree = "<group>"; };
		C0A74FE0AE1854839B53CB84 /* CollectionViewDataSource.swift */ = {isa = PBXFileReference; includeInIndex = 1; lastKnownFileType = sourcecode.swift; path = CollectionViewDataSource.swift; sourceTree = "<group>"; };
		CB2D341BC766C956C34B3BC5 /* Pods_Tests.framework */ = {isa = PBXFileReference; explicitFileType = wrapper.framework; includeInIndex = 0; path = Pods_Tests.framework; sourceTree = BUILT_PRODUCTS_DIR; };
		D1B8A626D20B2C5CA087BA0E /* Pods_Fwk.framework */ = {isa = PBXFileReference; explicitFileType = wrapper.framework; includeInIndex = 0; path = Pods_Fwk.framework; sourceTree = BUILT_PRODUCTS_DIR; };
		E5FCA96BE2FD078F8E7AFCA3 /* Synchronizer.swift */ = {isa = PBXFileReference; includeInIndex = 1; lastKnownFileType = sourcecode.swift; path = Synchronizer.swift; sourceTree = "<group>"; };
		E8B6AC0F9F6B2904F02F66C2 /* Synchronizer+UITableView.swift */ = {isa = PBXFileReference; includeInIndex = 1; lastKnownFileType = sourcecode.swift; path = "Synchronizer+UITableView.swift"; sourceTree = "<group>"; };
		ECF864EB04E4D832195D351B /* UITableView+Dwifft.swift */ = {isa = PBXFileReference; includeInIndex = 1; lastKnownFileType = sourcecode.swift; path = "UITableView+Dwifft.swift"; sourceTree = "<group>"; };
		EE225CA1F9E0A88054679D5F /* Synchronizer+UICollectionView.swift */ = {isa = PBXFileReference; includeInIndex = 1; lastKnownFileType = sourcecode.swift; path = "Synchronizer+UICollectionView.swift"; sourceTree = "<group>"; };
		F8207EA93F41DEA31AD54C09 /* Pods-Tests.release.xcconfig */ = {isa = PBXFileReference; includeInIndex = 1; lastKnownFileType = text.xcconfig; name = "Pods-Tests.release.xcconfig"; path = "Pods/Target Support Files/Pods-Tests/Pods-Tests.release.xcconfig"; sourceTree = "<group>"; };
/* End PBXFileReference section */

/* Begin PBXFrameworksBuildPhase section */
		8F6CEA7370327EB5A3648952 /* Frameworks */ = {
			isa = PBXFrameworksBuildPhase;
			buildActionMask = 2147483647;
			files = (
				FEDB1D861FC808E4A0AA7611 /* Foundation.framework in Frameworks */,
				C73908FA0A72320B57C93810 /* Pods_Tests.framework in Frameworks */,
			);
			runOnlyForDeploymentPostprocessing = 0;
		};
		A83619663BED13CC8A72930D /* Frameworks */ = {
			isa = PBXFrameworksBuildPhase;
			buildActionMask = 2147483647;
			files = (
				8C8C801A687C15EC18B7696D /* Foundation.framework in Frameworks */,
				C06047CF808D0E7A496DA455 /* Pods_Fwk.framework in Frameworks */,
			);
			runOnlyForDeploymentPostprocessing = 0;
		};
/* End PBXFrameworksBuildPhase section */

/* Begin PBXGroup section */
		1EAD5E4E2ADD5D52877141C8 /* CollectionView */ = {
			isa = PBXGroup;
			children = (
				C0A74FE0AE1854839B53CB84 /* CollectionViewDataSource.swift */,
				7CC7D0D3C6E31B6E33A0D045 /* UICollectionView+Dwifft.swift */,
				EE225CA1F9E0A88054679D5F /* Synchronizer+UICollectionView.swift */,
			);
			path = CollectionView;
			sourceTree = "<group>";
		};
		35257985D511B5BB6527B5A2 /* Products */ = {
			isa = PBXGroup;
			children = (
				9A77903D3034C1C4315AFDA1 /* XCECollectionData.framework */,
				1A9797814694F73A86F2172D /* Tests.xctest */,
			);
			name = Products;
			sourceTree = "<group>";
		};
		47F278FA652E391433F58506 /* iOS */ = {
			isa = PBXGroup;
			children = (
				0B85872E30A784BBB38FA494 /* Foundation.framework */,
			);
			name = iOS;
			sourceTree = "<group>";
		};
		54E3F1804352E29F8F0DBF54 /* Pods */ = {
			isa = PBXGroup;
			children = (
				7EED474098286B2F23D29D2E /* Pods-Fwk.debug.xcconfig */,
				B9F1632D156DEDDAE86AFCD9 /* Pods-Fwk.release.xcconfig */,
				A897D894390C7DBBF67239FD /* Pods-Tests.debug.xcconfig */,
				F8207EA93F41DEA31AD54C09 /* Pods-Tests.release.xcconfig */,
			);
			name = Pods;
			sourceTree = "<group>";
		};
		96E51070B6FE3A554D376E7C = {
			isa = PBXGroup;
			children = (
				E528694C2243BE183BB4516C /* Frameworks */,
				54E3F1804352E29F8F0DBF54 /* Pods */,
				35257985D511B5BB6527B5A2 /* Products */,
				F77DE0CB3A2761002EDF203F /* Sources */,
				E9C94F6E0EB17612BE711060 /* Tests */,
			);
			sourceTree = "<group>";
		};
		C9F90A5FDD02419F45554D36 /* TableView */ = {
			isa = PBXGroup;
			children = (
				1B2617104712BFCC701C2EFB /* TableViewDataSource.swift */,
				ECF864EB04E4D832195D351B /* UITableView+Dwifft.swift */,
				E8B6AC0F9F6B2904F02F66C2 /* Synchronizer+UITableView.swift */,
			);
			path = TableView;
			sourceTree = "<group>";
		};
		E528694C2243BE183BB4516C /* Frameworks */ = {
			isa = PBXGroup;
			children = (
				F900B9F6C6B0B55A40BD8D77 /* $local */,
				47F278FA652E391433F58506 /* iOS */,
				D1B8A626D20B2C5CA087BA0E /* Pods_Fwk.framework */,
				CB2D341BC766C956C34B3BC5 /* Pods_Tests.framework */,
			);
			name = Frameworks;
			sourceTree = "<group>";
		};
		E9C94F6E0EB17612BE711060 /* Tests */ = {
			isa = PBXGroup;
			children = (
				1CA8064661A52388D08C71C2 /* Main.swift */,
			);
			path = Tests;
			sourceTree = SOURCE_ROOT;
		};
		F77DE0CB3A2761002EDF203F /* Sources */ = {
			isa = PBXGroup;
			children = (
				2D344618869217120F20F5F6 /* SectionedDataSource.swift */,
				E5FCA96BE2FD078F8E7AFCA3 /* Synchronizer.swift */,
				1EAD5E4E2ADD5D52877141C8 /* CollectionView */,
				C9F90A5FDD02419F45554D36 /* TableView */,
			);
			path = Sources;
			sourceTree = SOURCE_ROOT;
		};
		F900B9F6C6B0B55A40BD8D77 /* $local */ = {
			isa = PBXGroup;
			children = (
			);
			name = $local;
			sourceTree = "<group>";
		};
/* End PBXGroup section */

/* Begin PBXNativeTarget section */
		2C6D2E58B4B3BA40D9898661 /* Tests */ = {
			isa = PBXNativeTarget;
			buildConfigurationList = E8F6DC28709E4306A99361A3 /* Build configuration list for PBXNativeTarget "Tests" */;
			buildPhases = (
				26506BBAD0C67F7C37DFADC0 /* [CP] Check Pods Manifest.lock */,
				AAB57FFF3F8F0D7D66C0F36F /* Sources */,
				8F6CEA7370327EB5A3648952 /* Frameworks */,
				7F0D99692AE0250B2FFCAFE6 /* Embed Frameworks */,
				06499D3D515F7D28172FF3BE /* [CP] Embed Pods Frameworks */,
				A71CDD428DE82EFA5F33B35E /* [CP] Copy Pods Resources */,
			);
			buildRules = (
			);
			dependencies = (
				5A22726B01AB93E01F0BBBEF /* PBXTargetDependency */,
			);
			name = Tests;
			productName = Tests;
			productReference = 1A9797814694F73A86F2172D /* Tests.xctest */;
			productType = "com.apple.product-type.bundle.unit-test";
		};
		D2C445C15321609F94C45C34 /* Fwk */ = {
			isa = PBXNativeTarget;
			buildConfigurationList = BAEFED5486FABB1CF4235A81 /* Build configuration list for PBXNativeTarget "Fwk" */;
			buildPhases = (
				EFD3372E5A81F250718B9F6A /* SwiftLint */,
				A53986798813F9A68C08E1F8 /* [CP] Check Pods Manifest.lock */,
				B71262DE06E64FA49862B884 /* Sources */,
				A83619663BED13CC8A72930D /* Frameworks */,
				DA4928C724604F24253B5578 /* Embed Frameworks */,
				CE7C47345E3A067FCFE2F824 /* [CP] Copy Pods Resources */,
			);
			buildRules = (
			);
			dependencies = (
			);
			name = Fwk;
			productName = Fwk;
			productReference = 9A77903D3034C1C4315AFDA1 /* XCECollectionData.framework */;
			productType = "com.apple.product-type.framework";
		};
/* End PBXNativeTarget section */

/* Begin PBXProject section */
		C614FAA283D85BC41C242B09 /* Project object */ = {
			isa = PBXProject;
			attributes = {
				LastSwiftUpdateCheck = 0830;
				LastUpgradeCheck = 0700;
				Struct.Version = 2.1.0;
			};
			buildConfigurationList = D27A224FAC266F1D320608C5 /* Build configuration list for PBXProject "Main" */;
			compatibilityVersion = "Xcode 3.2";
			developmentRegion = English;
			hasScannedForEncodings = 0;
			knownRegions = (
				en,
			);
			mainGroup = 96E51070B6FE3A554D376E7C;
			productRefGroup = 35257985D511B5BB6527B5A2 /* Products */;
			projectDirPath = "";
			projectRoot = "";
			targets = (
				D2C445C15321609F94C45C34 /* Fwk */,
				2C6D2E58B4B3BA40D9898661 /* Tests */,
			);
		};
/* End PBXProject section */

/* Begin PBXShellScriptBuildPhase section */
		06499D3D515F7D28172FF3BE /* [CP] Embed Pods Frameworks */ = {
			isa = PBXShellScriptBuildPhase;
			buildActionMask = 2147483647;
			files = (
			);
			inputPaths = (
				"${SRCROOT}/Pods/Target Support Files/Pods-Tests/Pods-Tests-frameworks.sh",
				"${BUILT_PRODUCTS_DIR}/Dwifft/Dwifft.framework",
				"${BUILT_PRODUCTS_DIR}/XCERequirement/XCERequirement.framework",
				"${BUILT_PRODUCTS_DIR}/XCETesting/XCETesting.framework",
			);
			name = "[CP] Embed Pods Frameworks";
			outputPaths = (
				"${TARGET_BUILD_DIR}/${FRAMEWORKS_FOLDER_PATH}/Dwifft.framework",
				"${TARGET_BUILD_DIR}/${FRAMEWORKS_FOLDER_PATH}/XCERequirement.framework",
				"${TARGET_BUILD_DIR}/${FRAMEWORKS_FOLDER_PATH}/XCETesting.framework",
			);
			runOnlyForDeploymentPostprocessing = 0;
			shellPath = /bin/sh;
			shellScript = "\"${SRCROOT}/Pods/Target Support Files/Pods-Tests/Pods-Tests-frameworks.sh\"\n";
			showEnvVarsInLog = 0;
		};
		26506BBAD0C67F7C37DFADC0 /* [CP] Check Pods Manifest.lock */ = {
			isa = PBXShellScriptBuildPhase;
			buildActionMask = 2147483647;
			files = (
			);
			inputPaths = (
				"${PODS_PODFILE_DIR_PATH}/Podfile.lock",
				"${PODS_ROOT}/Manifest.lock",
			);
			name = "[CP] Check Pods Manifest.lock";
			outputPaths = (
				"$(DERIVED_FILE_DIR)/Pods-Tests-checkManifestLockResult.txt",
			);
			runOnlyForDeploymentPostprocessing = 0;
			shellPath = /bin/sh;
			shellScript = "diff \"${PODS_PODFILE_DIR_PATH}/Podfile.lock\" \"${PODS_ROOT}/Manifest.lock\" > /dev/null\nif [ $? != 0 ] ; then\n    # print error to STDERR\n    echo \"error: The sandbox is not in sync with the Podfile.lock. Run 'pod install' or update your CocoaPods installation.\" >&2\n    exit 1\nfi\n# This output is used by Xcode 'outputs' to avoid re-running this script phase.\necho \"SUCCESS\" > \"${SCRIPT_OUTPUT_FILE_0}\"\n";
			showEnvVarsInLog = 0;
		};
		A53986798813F9A68C08E1F8 /* [CP] Check Pods Manifest.lock */ = {
			isa = PBXShellScriptBuildPhase;
			buildActionMask = 2147483647;
			files = (
			);
			inputPaths = (
				"${PODS_PODFILE_DIR_PATH}/Podfile.lock",
				"${PODS_ROOT}/Manifest.lock",
			);
			name = "[CP] Check Pods Manifest.lock";
			outputPaths = (
				"$(DERIVED_FILE_DIR)/Pods-Fwk-checkManifestLockResult.txt",
			);
			runOnlyForDeploymentPostprocessing = 0;
			shellPath = /bin/sh;
			shellScript = "diff \"${PODS_PODFILE_DIR_PATH}/Podfile.lock\" \"${PODS_ROOT}/Manifest.lock\" > /dev/null\nif [ $? != 0 ] ; then\n    # print error to STDERR\n    echo \"error: The sandbox is not in sync with the Podfile.lock. Run 'pod install' or update your CocoaPods installation.\" >&2\n    exit 1\nfi\n# This output is used by Xcode 'outputs' to avoid re-running this script phase.\necho \"SUCCESS\" > \"${SCRIPT_OUTPUT_FILE_0}\"\n";
			showEnvVarsInLog = 0;
		};
		A71CDD428DE82EFA5F33B35E /* [CP] Copy Pods Resources */ = {
			isa = PBXShellScriptBuildPhase;
			buildActionMask = 2147483647;
			files = (
			);
			inputPaths = (
			);
			name = "[CP] Copy Pods Resources";
			outputPaths = (
			);
			runOnlyForDeploymentPostprocessing = 0;
			shellPath = /bin/sh;
			shellScript = "\"${SRCROOT}/Pods/Target Support Files/Pods-Tests/Pods-Tests-resources.sh\"\n";
			showEnvVarsInLog = 0;
		};
		CE7C47345E3A067FCFE2F824 /* [CP] Copy Pods Resources */ = {
			isa = PBXShellScriptBuildPhase;
			buildActionMask = 2147483647;
			files = (
			);
			inputPaths = (
			);
			name = "[CP] Copy Pods Resources";
			outputPaths = (
			);
			runOnlyForDeploymentPostprocessing = 0;
			shellPath = /bin/sh;
			shellScript = "\"${SRCROOT}/Pods/Target Support Files/Pods-Fwk/Pods-Fwk-resources.sh\"\n";
			showEnvVarsInLog = 0;
		};
		EFD3372E5A81F250718B9F6A /* SwiftLint */ = {
			isa = PBXShellScriptBuildPhase;
			buildActionMask = 2147483647;
			files = (
			);
			inputPaths = (
			);
			name = SwiftLint;
			outputPaths = (
			);
			runOnlyForDeploymentPostprocessing = 0;
			shellPath = /bin/sh;
			shellScript = "if which swiftlint >/dev/null; then\n    swiftlint\nelse\n    echo \"warning: SwiftLint not installed, download from https://github.com/realm/SwiftLint\"\nfi";
		};
/* End PBXShellScriptBuildPhase section */

/* Begin PBXSourcesBuildPhase section */
		AAB57FFF3F8F0D7D66C0F36F /* Sources */ = {
			isa = PBXSourcesBuildPhase;
			buildActionMask = 2147483647;
			files = (
				8D34D64B88A7A7D8FA7B8675 /* Main.swift in Sources */,
			);
			runOnlyForDeploymentPostprocessing = 0;
		};
		B71262DE06E64FA49862B884 /* Sources */ = {
			isa = PBXSourcesBuildPhase;
			buildActionMask = 2147483647;
			files = (
				56C683623E99F078367F5A42 /* CollectionViewDataSource.swift in Sources */,
				E00C190769327B374709DFD3 /* SectionedDataSource.swift in Sources */,
				3816C9C00F452C6A8C194BF2 /* Synchronizer+UICollectionView.swift in Sources */,
				EE4C74EC61BDDD9773887B29 /* Synchronizer+UITableView.swift in Sources */,
				F01819958DB6A3D24CBD7E3F /* Synchronizer.swift in Sources */,
				23A2C014BC3D6A9F81E2C003 /* TableViewDataSource.swift in Sources */,
				53FE0FB4607C413D08986239 /* UICollectionView+Dwifft.swift in Sources */,
				337D219E3F1D31CC95EBBD2E /* UITableView+Dwifft.swift in Sources */,
			);
			runOnlyForDeploymentPostprocessing = 0;
		};
/* End PBXSourcesBuildPhase section */

/* Begin PBXTargetDependency section */
		5A22726B01AB93E01F0BBBEF /* PBXTargetDependency */ = {
			isa = PBXTargetDependency;
			name = Fwk;
			target = D2C445C15321609F94C45C34 /* Fwk */;
			targetProxy = A87C2774053DD4C535286A0B /* PBXContainerItemProxy */;
		};
/* End PBXTargetDependency section */

/* Begin XCBuildConfiguration section */
		5A1EA019C4607301BBE2D21A /* Debug */ = {
			isa = XCBuildConfiguration;
			baseConfigurationReference = 7EED474098286B2F23D29D2E /* Pods-Fwk.debug.xcconfig */;
			buildSettings = {
				ALWAYS_EMBED_SWIFT_STANDARD_LIBRARIES = YES;
				CURRENT_PROJECT_VERSION = 5;
				DEFINES_MODULE = NO;
				ENABLE_TESTABILITY = YES;
				INFOPLIST_FILE = Info/Fwk.plist;
				INSTALL_PATH = "$(LOCAL_LIBRARY_DIR)/Frameworks";
				IPHONEOS_DEPLOYMENT_TARGET = 8.0;
				LD_RUNPATH_SEARCH_PATHS = "$(inherited) @executable_path/Frameworks";
				MTL_ENABLE_DEBUG_INFO = true;
				PRODUCT_BUNDLE_IDENTIFIER = io.XCEssentials.CollectionData;
				PRODUCT_NAME = XCECollectionData;
				SDKROOT = iphoneos;
				SKIP_INSTALL = YES;
				TARGETED_DEVICE_FAMILY = "1,2";
				VERSIONING_SYSTEM = "apple-generic";
				VERSION_INFO_PREFIX = "";
			};
			name = Debug;
		};
		9D41204D73439B49B9B84039 /* Debug */ = {
			isa = XCBuildConfiguration;
			baseConfigurationReference = A897D894390C7DBBF67239FD /* Pods-Tests.debug.xcconfig */;
			buildSettings = {
				ALWAYS_EMBED_SWIFT_STANDARD_LIBRARIES = YES;
				BUNDLE_LOADER = "$(TEST_HOST)";
				FRAMEWORK_SEARCH_PATHS = (
					"$(inherited)",
					"$(BUILT_PRODUCTS_DIR)",
				);
				INFOPLIST_FILE = Info/Tst.plist;
				IPHONEOS_DEPLOYMENT_TARGET = 8.0;
				LD_RUNPATH_SEARCH_PATHS = "$(inherited) @executable_path/Frameworks @loader_path/Frameworks";
				MTL_ENABLE_DEBUG_INFO = true;
				PRODUCT_BUNDLE_IDENTIFIER = io.XCEssentials.CollectionData.Tst;
				PRODUCT_NAME = "$(TARGET_NAME)";
				SDKROOT = iphoneos;
				SWIFT_VERSION = 3.0;
			};
			name = Debug;
		};
		AB08D5EB5EDA13F0EAAD5ADD /* Release */ = {
			isa = XCBuildConfiguration;
			baseConfigurationReference = F8207EA93F41DEA31AD54C09 /* Pods-Tests.release.xcconfig */;
			buildSettings = {
				ALWAYS_EMBED_SWIFT_STANDARD_LIBRARIES = YES;
				BUNDLE_LOADER = "$(TEST_HOST)";
				FRAMEWORK_SEARCH_PATHS = (
					"$(inherited)",
					"$(BUILT_PRODUCTS_DIR)",
				);
				INFOPLIST_FILE = Info/Tst.plist;
				IPHONEOS_DEPLOYMENT_TARGET = 8.0;
				LD_RUNPATH_SEARCH_PATHS = "$(inherited) @executable_path/Frameworks @loader_path/Frameworks";
				PRODUCT_BUNDLE_IDENTIFIER = io.XCEssentials.CollectionData.Tst;
				PRODUCT_NAME = "$(TARGET_NAME)";
				SDKROOT = iphoneos;
				SWIFT_VERSION = 3.0;
			};
			name = Release;
		};
		AFD39910DE5B7CC8FBE476D1 /* Release */ = {
			isa = XCBuildConfiguration;
			baseConfigurationReference = B9F1632D156DEDDAE86AFCD9 /* Pods-Fwk.release.xcconfig */;
			buildSettings = {
				ALWAYS_EMBED_SWIFT_STANDARD_LIBRARIES = YES;
				CURRENT_PROJECT_VERSION = 5;
				DEFINES_MODULE = NO;
				ENABLE_TESTABILITY = YES;
				INFOPLIST_FILE = Info/Fwk.plist;
				INSTALL_PATH = "$(LOCAL_LIBRARY_DIR)/Frameworks";
				IPHONEOS_DEPLOYMENT_TARGET = 8.0;
				LD_RUNPATH_SEARCH_PATHS = "$(inherited) @executable_path/Frameworks";
				PRODUCT_BUNDLE_IDENTIFIER = io.XCEssentials.CollectionData;
				PRODUCT_NAME = XCECollectionData;
				SDKROOT = iphoneos;
				SKIP_INSTALL = YES;
				TARGETED_DEVICE_FAMILY = "1,2";
				VERSIONING_SYSTEM = "apple-generic";
				VERSION_INFO_PREFIX = "";
			};
			name = Release;
		};
		CB681DE673F0C9753116C89D /* Debug */ = {
			isa = XCBuildConfiguration;
			buildSettings = {
				ALWAYS_SEARCH_USER_PATHS = NO;
				CLANG_ANALYZER_NONNULL = YES;
				CLANG_CXX_LANGUAGE_STANDARD = "gnu++0x";
				CLANG_CXX_LIBRARY = "libc++";
				CLANG_ENABLE_MODULES = YES;
				CLANG_ENABLE_OBJC_ARC = YES;
				CLANG_WARN_BOOL_CONVERSION = YES;
				CLANG_WARN_CONSTANT_CONVERSION = YES;
				CLANG_WARN_DIRECT_OBJC_ISA_USAGE = YES_ERROR;
				CLANG_WARN_DOCUMENTATION_COMMENTS = YES;
				CLANG_WARN_EMPTY_BODY = YES;
				CLANG_WARN_ENUM_CONVERSION = YES;
				CLANG_WARN_INFINITE_RECURSION = YES;
				CLANG_WARN_INT_CONVERSION = YES;
				CLANG_WARN_OBJC_ROOT_CLASS = YES_ERROR;
				CLANG_WARN_SUSPICIOUS_MOVE = YES;
				CLANG_WARN_SUSPICIOUS_MOVES = YES;
				CLANG_WARN_UNREACHABLE_CODE = YES;
				CLANG_WARN__DUPLICATE_METHOD_MATCH = YES;
				CODE_SIGN_IDENTITY = "-";
				"CODE_SIGN_IDENTITY[sdk=iphoneos*]" = "";
				COPY_PHASE_STRIP = NO;
				CURRENT_PROJECT_VERSION = 5;
				DEBUG_INFORMATION_FORMAT = dwarf;
				ENABLE_STRICT_OBJC_MSGSEND = YES;
				ENABLE_TESTABILITY = YES;
				GCC_C_LANGUAGE_STANDARD = gnu99;
				GCC_DYNAMIC_NO_PIC = NO;
				GCC_NO_COMMON_BLOCKS = YES;
				GCC_OPTIMIZATION_LEVEL = 0;
				GCC_PREPROCESSOR_DEFINITIONS = (
					"DEBUG=1",
					"$(inherited)",
				);
				GCC_WARN_64_TO_32_BIT_CONVERSION = YES;
				GCC_WARN_ABOUT_RETURN_TYPE = YES_ERROR;
				GCC_WARN_UNDECLARED_SELECTOR = YES;
				GCC_WARN_UNINITIALIZED_AUTOS = YES_AGGRESSIVE;
				GCC_WARN_UNUSED_FUNCTION = YES;
				GCC_WARN_UNUSED_VARIABLE = YES;
				IPHONEOS_DEPLOYMENT_TARGET = 8.0;
				MTL_ENABLE_DEBUG_INFO = YES;
				ONLY_ACTIVE_ARCH = YES;
				SWIFT_ACTIVE_COMPILATION_CONDITIONS = DEBUG;
				SWIFT_OPTIMIZATION_LEVEL = "-Onone";
				SWIFT_VERSION = 4.0;
				VERSIONING_SYSTEM = "apple-generic";
			};
			name = Debug;
		};
		FCD3C21DFA97CF0E2851A291 /* Release */ = {
			isa = XCBuildConfiguration;
			buildSettings = {
				ALWAYS_SEARCH_USER_PATHS = NO;
				CLANG_ANALYZER_NONNULL = YES;
				CLANG_CXX_LANGUAGE_STANDARD = "gnu++0x";
				CLANG_CXX_LIBRARY = "libc++";
				CLANG_ENABLE_MODULES = YES;
				CLANG_ENABLE_OBJC_ARC = YES;
				CLANG_WARN_BOOL_CONVERSION = YES;
				CLANG_WARN_CONSTANT_CONVERSION = YES;
				CLANG_WARN_DIRECT_OBJC_ISA_USAGE = YES_ERROR;
				CLANG_WARN_DOCUMENTATION_COMMENTS = YES;
				CLANG_WARN_EMPTY_BODY = YES;
				CLANG_WARN_ENUM_CONVERSION = YES;
				CLANG_WARN_INFINITE_RECURSION = YES;
				CLANG_WARN_INT_CONVERSION = YES;
				CLANG_WARN_OBJC_ROOT_CLASS = YES_ERROR;
				CLANG_WARN_SUSPICIOUS_MOVE = YES;
				CLANG_WARN_SUSPICIOUS_MOVES = YES;
				CLANG_WARN_UNREACHABLE_CODE = YES;
				CLANG_WARN__DUPLICATE_METHOD_MATCH = YES;
				CODE_SIGN_IDENTITY = "-";
				"CODE_SIGN_IDENTITY[sdk=iphoneos*]" = "";
				COPY_PHASE_STRIP = NO;
				CURRENT_PROJECT_VERSION = 5;
				DEBUG_INFORMATION_FORMAT = "dwarf-with-dsym";
				ENABLE_NS_ASSERTIONS = NO;
				ENABLE_STRICT_OBJC_MSGSEND = YES;
				GCC_C_LANGUAGE_STANDARD = gnu99;
				GCC_NO_COMMON_BLOCKS = YES;
				GCC_WARN_64_TO_32_BIT_CONVERSION = YES;
				GCC_WARN_ABOUT_RETURN_TYPE = YES_ERROR;
				GCC_WARN_UNDECLARED_SELECTOR = YES;
				GCC_WARN_UNINITIALIZED_AUTOS = YES_AGGRESSIVE;
				GCC_WARN_UNUSED_FUNCTION = YES;
				GCC_WARN_UNUSED_VARIABLE = YES;
				IPHONEOS_DEPLOYMENT_TARGET = 8.0;
				MTL_ENABLE_DEBUG_INFO = NO;
				SWIFT_OPTIMIZATION_LEVEL = "-Owholemodule";
				SWIFT_VERSION = 4.0;
				VALIDATE_PRODUCT = YES;
				VERSIONING_SYSTEM = "apple-generic";
			};
			name = Release;
		};
/* End XCBuildConfiguration section */

/* Begin XCConfigurationList section */
		BAEFED5486FABB1CF4235A81 /* Build configuration list for PBXNativeTarget "Fwk" */ = {
			isa = XCConfigurationList;
			buildConfigurations = (
				5A1EA019C4607301BBE2D21A /* Debug */,
				AFD39910DE5B7CC8FBE476D1 /* Release */,
			);
			defaultConfigurationIsVisible = 0;
			defaultConfigurationName = Release;
		};
		D27A224FAC266F1D320608C5 /* Build configuration list for PBXProject "Main" */ = {
			isa = XCConfigurationList;
			buildConfigurations = (
				CB681DE673F0C9753116C89D /* Debug */,
				FCD3C21DFA97CF0E2851A291 /* Release */,
			);
			defaultConfigurationIsVisible = 0;
			defaultConfigurationName = Debug;
		};
		E8F6DC28709E4306A99361A3 /* Build configuration list for PBXNativeTarget "Tests" */ = {
			isa = XCConfigurationList;
			buildConfigurations = (
				9D41204D73439B49B9B84039 /* Debug */,
				AB08D5EB5EDA13F0EAAD5ADD /* Release */,
			);
			defaultConfigurationIsVisible = 0;
			defaultConfigurationName = Release;
		};
/* End XCConfigurationList section */
	};
	rootObject = C614FAA283D85BC41C242B09 /* Project object */;
}
