// !$*UTF8*$!
{
	archiveVersion = 1;
	classes = {
	};
	objectVersion = 46;
	objects = {

/* Begin PBXBuildFile section */
		3BF91F8D4F6259C358896876 /* Pods_Fwk.framework in Frameworks */ = {isa = PBXBuildFile; fileRef = 1E0A11987C0FC947DCEDB436 /* Pods_Fwk.framework */; };
		3EDF5B2271E144EFA5F19F39 /* Foundation.framework in Frameworks */ = {isa = PBXBuildFile; fileRef = 50A296B4A5839E0014CEAE3A /* Foundation.framework */; };
		6A47D08608A76803309D50B1 /* CollectionViewContainerProxy.swift in Sources */ = {isa = PBXBuildFile; fileRef = A67B030CE34A77A42704F51D /* CollectionViewContainerProxy.swift */; };
		6C5D49DF51D59C53B1988925 /* Pods_Tests.framework in Frameworks */ = {isa = PBXBuildFile; fileRef = F09FE358AEB9F374C9DC4A9E /* Pods_Tests.framework */; };
		99E5654D2BADF75C39EBBD8C /* Main.swift in Sources */ = {isa = PBXBuildFile; fileRef = 9318CF7281F9DFA3A6C8DB81 /* Main.swift */; };
		A8F9F7A3500E2461957291FE /* StandardCollectionDataContainer.swift in Sources */ = {isa = PBXBuildFile; fileRef = 001DE84275584FFD70303564 /* StandardCollectionDataContainer.swift */; };
		E4EEF0F350AA901B1FE99DE8 /* Foundation.framework in Frameworks */ = {isa = PBXBuildFile; fileRef = 50A296B4A5839E0014CEAE3A /* Foundation.framework */; };
		E7CD699A85FC84C1958DDD54 /* CollectionDataContainer.swift in Sources */ = {isa = PBXBuildFile; fileRef = A1938C39DCA65716C58C18DB /* CollectionDataContainer.swift */; };
/* End PBXBuildFile section */

/* Begin PBXContainerItemProxy section */
		7456A8D61BE65941D15DBCA6 /* PBXContainerItemProxy */ = {
			isa = PBXContainerItemProxy;
			containerPortal = 800C12EBA73C57E4FAA53392 /* Project object */;
			proxyType = 1;
			remoteGlobalIDString = 098346D76B8DF48A5257F879;
			remoteInfo = Fwk;
		};
/* End PBXContainerItemProxy section */

/* Begin PBXCopyFilesBuildPhase section */
		7D56CF3D749A5D0E9C9BCE20 /* Embed Frameworks */ = {
			isa = PBXCopyFilesBuildPhase;
			buildActionMask = 2147483647;
			dstPath = "";
			dstSubfolderSpec = 10;
			files = (
			);
			name = "Embed Frameworks";
			runOnlyForDeploymentPostprocessing = 0;
		};
		B56EA36FD429DA8A9D2ACAFD /* Embed Frameworks */ = {
			isa = PBXCopyFilesBuildPhase;
			buildActionMask = 2147483647;
			dstPath = "";
			dstSubfolderSpec = 10;
			files = (
			);
			name = "Embed Frameworks";
			runOnlyForDeploymentPostprocessing = 0;
		};
/* End PBXCopyFilesBuildPhase section */

/* Begin PBXFileReference section */
		001DE84275584FFD70303564 /* StandardCollectionDataContainer.swift */ = {isa = PBXFileReference; includeInIndex = 1; lastKnownFileType = sourcecode.swift; path = StandardCollectionDataContainer.swift; sourceTree = "<group>"; };
		11340EE4F1A8B81DA6D42A18 /* Pods-Fwk.debug.xcconfig */ = {isa = PBXFileReference; includeInIndex = 1; lastKnownFileType = text.xcconfig; name = "Pods-Fwk.debug.xcconfig"; path = "Pods/Target Support Files/Pods-Fwk/Pods-Fwk.debug.xcconfig"; sourceTree = "<group>"; };
		1E0A11987C0FC947DCEDB436 /* Pods_Fwk.framework */ = {isa = PBXFileReference; explicitFileType = wrapper.framework; includeInIndex = 0; path = Pods_Fwk.framework; sourceTree = BUILT_PRODUCTS_DIR; };
		280F9B47F326AFBB444420E4 /* Pods-Fwk.release.xcconfig */ = {isa = PBXFileReference; includeInIndex = 1; lastKnownFileType = text.xcconfig; name = "Pods-Fwk.release.xcconfig"; path = "Pods/Target Support Files/Pods-Fwk/Pods-Fwk.release.xcconfig"; sourceTree = "<group>"; };
		43CC54B1DF4ECA31D001D019 /* Pods-Tests.debug.xcconfig */ = {isa = PBXFileReference; includeInIndex = 1; lastKnownFileType = text.xcconfig; name = "Pods-Tests.debug.xcconfig"; path = "Pods/Target Support Files/Pods-Tests/Pods-Tests.debug.xcconfig"; sourceTree = "<group>"; };
		50A296B4A5839E0014CEAE3A /* Foundation.framework */ = {isa = PBXFileReference; lastKnownFileType = wrapper.framework; name = Foundation.framework; path = Platforms/iPhoneOS.platform/Developer/SDKs/iPhoneOS10.3.sdk/System/Library/Frameworks/Foundation.framework; sourceTree = DEVELOPER_DIR; };
		5D35D8B42C5617D9A7006B8F /* Tests.xctest */ = {isa = PBXFileReference; explicitFileType = wrapper.cfbundle; includeInIndex = 0; path = Tests.xctest; sourceTree = BUILT_PRODUCTS_DIR; };
		9318CF7281F9DFA3A6C8DB81 /* Main.swift */ = {isa = PBXFileReference; includeInIndex = 1; lastKnownFileType = sourcecode.swift; path = Main.swift; sourceTree = "<group>"; };
		A1938C39DCA65716C58C18DB /* CollectionDataContainer.swift */ = {isa = PBXFileReference; includeInIndex = 1; lastKnownFileType = sourcecode.swift; path = CollectionDataContainer.swift; sourceTree = "<group>"; };
		A67B030CE34A77A42704F51D /* CollectionViewContainerProxy.swift */ = {isa = PBXFileReference; includeInIndex = 1; lastKnownFileType = sourcecode.swift; path = CollectionViewContainerProxy.swift; sourceTree = "<group>"; };
		A895E70271C851B4F7E9DF34 /* Pods-Tests.release.xcconfig */ = {isa = PBXFileReference; includeInIndex = 1; lastKnownFileType = text.xcconfig; name = "Pods-Tests.release.xcconfig"; path = "Pods/Target Support Files/Pods-Tests/Pods-Tests.release.xcconfig"; sourceTree = "<group>"; };
		D60A13C3FDA4F25F08A12EA3 /* Fwk.framework */ = {isa = PBXFileReference; explicitFileType = wrapper.framework; includeInIndex = 0; path = Fwk.framework; sourceTree = BUILT_PRODUCTS_DIR; };
		F09FE358AEB9F374C9DC4A9E /* Pods_Tests.framework */ = {isa = PBXFileReference; explicitFileType = wrapper.framework; includeInIndex = 0; path = Pods_Tests.framework; sourceTree = BUILT_PRODUCTS_DIR; };
/* End PBXFileReference section */

/* Begin PBXFrameworksBuildPhase section */
		17836DF9C00AE23F048DACF0 /* Frameworks */ = {
			isa = PBXFrameworksBuildPhase;
			buildActionMask = 2147483647;
			files = (
				3EDF5B2271E144EFA5F19F39 /* Foundation.framework in Frameworks */,
				6C5D49DF51D59C53B1988925 /* Pods_Tests.framework in Frameworks */,
			);
			runOnlyForDeploymentPostprocessing = 0;
		};
		7D14B60CFC97BB1A510FD9E2 /* Frameworks */ = {
			isa = PBXFrameworksBuildPhase;
			buildActionMask = 2147483647;
			files = (
				E4EEF0F350AA901B1FE99DE8 /* Foundation.framework in Frameworks */,
				3BF91F8D4F6259C358896876 /* Pods_Fwk.framework in Frameworks */,
			);
			runOnlyForDeploymentPostprocessing = 0;
		};
/* End PBXFrameworksBuildPhase section */

/* Begin PBXGroup section */
		361EC094B896C140943DEA44 /* Pods */ = {
			isa = PBXGroup;
			children = (
				11340EE4F1A8B81DA6D42A18 /* Pods-Fwk.debug.xcconfig */,
				280F9B47F326AFBB444420E4 /* Pods-Fwk.release.xcconfig */,
				43CC54B1DF4ECA31D001D019 /* Pods-Tests.debug.xcconfig */,
				A895E70271C851B4F7E9DF34 /* Pods-Tests.release.xcconfig */,
			);
			name = Pods;
			sourceTree = "<group>";
		};
		427925908A7AAA2434902065 /* Frameworks */ = {
			isa = PBXGroup;
			children = (
				CF464B03A636E91E59359D89 /* $local */,
				F9DE2E0A7FED7FBEC83E9F74 /* iOS */,
				1E0A11987C0FC947DCEDB436 /* Pods_Fwk.framework */,
				F09FE358AEB9F374C9DC4A9E /* Pods_Tests.framework */,
			);
			name = Frameworks;
			sourceTree = "<group>";
		};
		54E19CD3DC8B94890F012AE0 = {
			isa = PBXGroup;
			children = (
				427925908A7AAA2434902065 /* Frameworks */,
				361EC094B896C140943DEA44 /* Pods */,
				7CD141BF7614533D13C18BD6 /* Products */,
				FE3AB5989F86E209D1402EF7 /* Sources */,
				E19367172E524FF38712EC04 /* Tests */,
			);
			sourceTree = "<group>";
		};
		7CD141BF7614533D13C18BD6 /* Products */ = {
			isa = PBXGroup;
			children = (
				D60A13C3FDA4F25F08A12EA3 /* Fwk.framework */,
				5D35D8B42C5617D9A7006B8F /* Tests.xctest */,
			);
			name = Products;
			sourceTree = "<group>";
		};
		CF464B03A636E91E59359D89 /* $local */ = {
			isa = PBXGroup;
			children = (
			);
			name = "$local";
			sourceTree = "<group>";
		};
		E19367172E524FF38712EC04 /* Tests */ = {
			isa = PBXGroup;
			children = (
				9318CF7281F9DFA3A6C8DB81 /* Main.swift */,
			);
			name = Tests;
			path = Tests;
			sourceTree = SOURCE_ROOT;
		};
		F9DE2E0A7FED7FBEC83E9F74 /* iOS */ = {
			isa = PBXGroup;
			children = (
				50A296B4A5839E0014CEAE3A /* Foundation.framework */,
			);
			name = iOS;
			sourceTree = "<group>";
		};
		FE3AB5989F86E209D1402EF7 /* Sources */ = {
			isa = PBXGroup;
			children = (
				A1938C39DCA65716C58C18DB /* CollectionDataContainer.swift */,
				A67B030CE34A77A42704F51D /* CollectionViewContainerProxy.swift */,
				001DE84275584FFD70303564 /* StandardCollectionDataContainer.swift */,
			);
			name = Sources;
			path = Sources;
			sourceTree = SOURCE_ROOT;
		};
/* End PBXGroup section */

/* Begin PBXNativeTarget section */
		098346D76B8DF48A5257F879 /* Fwk */ = {
			isa = PBXNativeTarget;
			buildConfigurationList = 991AB28BACF9E5925C0BAFAD /* Build configuration list for PBXNativeTarget "Fwk" */;
			buildPhases = (
				95538E98FE0A311095A3D6B7 /* SwiftLint */,
				545146CF83A1D798B2778FB1 /* [CP] Check Pods Manifest.lock */,
				9E76AC9FC2B81AECBA0FCFBF /* Sources */,
				7D14B60CFC97BB1A510FD9E2 /* Frameworks */,
				B56EA36FD429DA8A9D2ACAFD /* Embed Frameworks */,
				976584035A0ADC39F69F6F2E /* [CP] Copy Pods Resources */,
			);
			buildRules = (
			);
			dependencies = (
			);
			name = Fwk;
			productName = Fwk;
			productReference = D60A13C3FDA4F25F08A12EA3 /* Fwk.framework */;
			productType = "com.apple.product-type.framework";
		};
		EEE8BACB71CDD76E75EECAC5 /* Tests */ = {
			isa = PBXNativeTarget;
			buildConfigurationList = 6867A49ECC9C6D4EDD1E7423 /* Build configuration list for PBXNativeTarget "Tests" */;
			buildPhases = (
				B4B52008701F2E58AB832525 /* [CP] Check Pods Manifest.lock */,
				665F38F959A8D6F3F2F04AE4 /* Sources */,
				17836DF9C00AE23F048DACF0 /* Frameworks */,
				7D56CF3D749A5D0E9C9BCE20 /* Embed Frameworks */,
				3CED317A24E3626B3E88D337 /* [CP] Embed Pods Frameworks */,
				11DD43D52FE7CB383127094A /* [CP] Copy Pods Resources */,
			);
			buildRules = (
			);
			dependencies = (
				9F1E3B47DC11D265828A62DB /* PBXTargetDependency */,
			);
			name = Tests;
			productName = Tests;
			productReference = 5D35D8B42C5617D9A7006B8F /* Tests.xctest */;
			productType = "com.apple.product-type.bundle.unit-test";
		};
/* End PBXNativeTarget section */

/* Begin PBXProject section */
		800C12EBA73C57E4FAA53392 /* Project object */ = {
			isa = PBXProject;
			attributes = {
				LastSwiftUpdateCheck = 0830;
				LastUpgradeCheck = 0700;
				Struct.Version = 2.1.0;
			};
			buildConfigurationList = D913728EDCAB242FDD864CB8 /* Build configuration list for PBXProject "Main" */;
			compatibilityVersion = "Xcode 3.2";
			developmentRegion = English;
			hasScannedForEncodings = 0;
			knownRegions = (
				en,
			);
			mainGroup = 54E19CD3DC8B94890F012AE0;
			productRefGroup = 7CD141BF7614533D13C18BD6 /* Products */;
			projectDirPath = "";
			projectRoot = "";
			targets = (
				098346D76B8DF48A5257F879 /* Fwk */,
				EEE8BACB71CDD76E75EECAC5 /* Tests */,
			);
		};
/* End PBXProject section */

/* Begin PBXShellScriptBuildPhase section */
		11DD43D52FE7CB383127094A /* [CP] Copy Pods Resources */ = {
			isa = PBXShellScriptBuildPhase;
			buildActionMask = 2147483647;
			files = (
			);
			inputPaths = (
			);
			name = "[CP] Copy Pods Resources";
			outputPaths = (
			);
			runOnlyForDeploymentPostprocessing = 0;
			shellPath = /bin/sh;
			shellScript = "\"${SRCROOT}/Pods/Target Support Files/Pods-Tests/Pods-Tests-resources.sh\"\n";
			showEnvVarsInLog = 0;
		};
		3CED317A24E3626B3E88D337 /* [CP] Embed Pods Frameworks */ = {
			isa = PBXShellScriptBuildPhase;
			buildActionMask = 2147483647;
			files = (
			);
			inputPaths = (
				"${SRCROOT}/Pods/Target Support Files/Pods-Tests/Pods-Tests-frameworks.sh",
				"${BUILT_PRODUCTS_DIR}/Dwifft/Dwifft.framework",
				"${BUILT_PRODUCTS_DIR}/XCERequirement/XCERequirement.framework",
				"${BUILT_PRODUCTS_DIR}/XCETesting/XCETesting.framework",
			);
			name = "[CP] Embed Pods Frameworks";
			outputPaths = (
				"${TARGET_BUILD_DIR}/${FRAMEWORKS_FOLDER_PATH}/Dwifft.framework",
				"${TARGET_BUILD_DIR}/${FRAMEWORKS_FOLDER_PATH}/XCERequirement.framework",
				"${TARGET_BUILD_DIR}/${FRAMEWORKS_FOLDER_PATH}/XCETesting.framework",
			);
			runOnlyForDeploymentPostprocessing = 0;
			shellPath = /bin/sh;
			shellScript = "\"${SRCROOT}/Pods/Target Support Files/Pods-Tests/Pods-Tests-frameworks.sh\"\n";
			showEnvVarsInLog = 0;
		};
		545146CF83A1D798B2778FB1 /* [CP] Check Pods Manifest.lock */ = {
			isa = PBXShellScriptBuildPhase;
			buildActionMask = 2147483647;
			files = (
			);
			inputPaths = (
				"${PODS_PODFILE_DIR_PATH}/Podfile.lock",
				"${PODS_ROOT}/Manifest.lock",
			);
			name = "[CP] Check Pods Manifest.lock";
			outputPaths = (
				"$(DERIVED_FILE_DIR)/Pods-Fwk-checkManifestLockResult.txt",
			);
			runOnlyForDeploymentPostprocessing = 0;
			shellPath = /bin/sh;
			shellScript = "diff \"${PODS_PODFILE_DIR_PATH}/Podfile.lock\" \"${PODS_ROOT}/Manifest.lock\" > /dev/null\nif [ $? != 0 ] ; then\n    # print error to STDERR\n    echo \"error: The sandbox is not in sync with the Podfile.lock. Run 'pod install' or update your CocoaPods installation.\" >&2\n    exit 1\nfi\n# This output is used by Xcode 'outputs' to avoid re-running this script phase.\necho \"SUCCESS\" > \"${SCRIPT_OUTPUT_FILE_0}\"\n";
			showEnvVarsInLog = 0;
		};
		95538E98FE0A311095A3D6B7 /* SwiftLint */ = {
			isa = PBXShellScriptBuildPhase;
			buildActionMask = 2147483647;
			files = (
			);
			inputPaths = (
			);
			name = SwiftLint;
			outputPaths = (
			);
			runOnlyForDeploymentPostprocessing = 0;
			shellPath = /bin/sh;
			shellScript = "if which swiftlint >/dev/null; then\n    swiftlint\nelse\n    echo \"warning: SwiftLint not installed, download from https://github.com/realm/SwiftLint\"\nfi";
			showEnvVarsInLog = 1;
		};
		976584035A0ADC39F69F6F2E /* [CP] Copy Pods Resources */ = {
			isa = PBXShellScriptBuildPhase;
			buildActionMask = 2147483647;
			files = (
			);
			inputPaths = (
			);
			name = "[CP] Copy Pods Resources";
			outputPaths = (
			);
			runOnlyForDeploymentPostprocessing = 0;
			shellPath = /bin/sh;
			shellScript = "\"${SRCROOT}/Pods/Target Support Files/Pods-Fwk/Pods-Fwk-resources.sh\"\n";
			showEnvVarsInLog = 0;
		};
		B4B52008701F2E58AB832525 /* [CP] Check Pods Manifest.lock */ = {
			isa = PBXShellScriptBuildPhase;
			buildActionMask = 2147483647;
			files = (
			);
			inputPaths = (
				"${PODS_PODFILE_DIR_PATH}/Podfile.lock",
				"${PODS_ROOT}/Manifest.lock",
			);
			name = "[CP] Check Pods Manifest.lock";
			outputPaths = (
				"$(DERIVED_FILE_DIR)/Pods-Tests-checkManifestLockResult.txt",
			);
			runOnlyForDeploymentPostprocessing = 0;
			shellPath = /bin/sh;
			shellScript = "diff \"${PODS_PODFILE_DIR_PATH}/Podfile.lock\" \"${PODS_ROOT}/Manifest.lock\" > /dev/null\nif [ $? != 0 ] ; then\n    # print error to STDERR\n    echo \"error: The sandbox is not in sync with the Podfile.lock. Run 'pod install' or update your CocoaPods installation.\" >&2\n    exit 1\nfi\n# This output is used by Xcode 'outputs' to avoid re-running this script phase.\necho \"SUCCESS\" > \"${SCRIPT_OUTPUT_FILE_0}\"\n";
			showEnvVarsInLog = 0;
		};
/* End PBXShellScriptBuildPhase section */

/* Begin PBXSourcesBuildPhase section */
		665F38F959A8D6F3F2F04AE4 /* Sources */ = {
			isa = PBXSourcesBuildPhase;
			buildActionMask = 2147483647;
			files = (
				99E5654D2BADF75C39EBBD8C /* Main.swift in Sources */,
			);
			runOnlyForDeploymentPostprocessing = 0;
		};
		9E76AC9FC2B81AECBA0FCFBF /* Sources */ = {
			isa = PBXSourcesBuildPhase;
			buildActionMask = 2147483647;
			files = (
				E7CD699A85FC84C1958DDD54 /* CollectionDataContainer.swift in Sources */,
				6A47D08608A76803309D50B1 /* CollectionViewContainerProxy.swift in Sources */,
				A8F9F7A3500E2461957291FE /* StandardCollectionDataContainer.swift in Sources */,
			);
			runOnlyForDeploymentPostprocessing = 0;
		};
/* End PBXSourcesBuildPhase section */

/* Begin PBXTargetDependency section */
		9F1E3B47DC11D265828A62DB /* PBXTargetDependency */ = {
			isa = PBXTargetDependency;
			name = Fwk;
			target = 098346D76B8DF48A5257F879 /* Fwk */;
			targetProxy = 7456A8D61BE65941D15DBCA6 /* PBXContainerItemProxy */;
		};
/* End PBXTargetDependency section */

/* Begin XCBuildConfiguration section */
		0898F3D54E945DF84486E5A8 /* Release */ = {
			isa = XCBuildConfiguration;
			buildSettings = {
				ALWAYS_SEARCH_USER_PATHS = NO;
				CLANG_ANALYZER_NONNULL = YES;
				CLANG_CXX_LANGUAGE_STANDARD = "gnu++0x";
				CLANG_CXX_LIBRARY = "libc++";
				CLANG_ENABLE_MODULES = YES;
				CLANG_ENABLE_OBJC_ARC = YES;
				CLANG_WARN_BOOL_CONVERSION = YES;
				CLANG_WARN_CONSTANT_CONVERSION = YES;
				CLANG_WARN_DIRECT_OBJC_ISA_USAGE = YES_ERROR;
				CLANG_WARN_DOCUMENTATION_COMMENTS = YES;
				CLANG_WARN_EMPTY_BODY = YES;
				CLANG_WARN_ENUM_CONVERSION = YES;
				CLANG_WARN_INFINITE_RECURSION = YES;
				CLANG_WARN_INT_CONVERSION = YES;
				CLANG_WARN_OBJC_ROOT_CLASS = YES_ERROR;
				CLANG_WARN_SUSPICIOUS_MOVE = YES;
				CLANG_WARN_SUSPICIOUS_MOVES = YES;
				CLANG_WARN_UNREACHABLE_CODE = YES;
				CLANG_WARN__DUPLICATE_METHOD_MATCH = YES;
				CODE_SIGN_IDENTITY = "-";
				"CODE_SIGN_IDENTITY[sdk=iphoneos*]" = "";
				COPY_PHASE_STRIP = NO;
				CURRENT_PROJECT_VERSION = 0;
				DEBUG_INFORMATION_FORMAT = "dwarf-with-dsym";
				ENABLE_NS_ASSERTIONS = NO;
				ENABLE_STRICT_OBJC_MSGSEND = YES;
				GCC_C_LANGUAGE_STANDARD = gnu99;
				GCC_NO_COMMON_BLOCKS = YES;
				GCC_WARN_64_TO_32_BIT_CONVERSION = YES;
				GCC_WARN_ABOUT_RETURN_TYPE = YES_ERROR;
				GCC_WARN_UNDECLARED_SELECTOR = YES;
				GCC_WARN_UNINITIALIZED_AUTOS = YES_AGGRESSIVE;
				GCC_WARN_UNUSED_FUNCTION = YES;
				GCC_WARN_UNUSED_VARIABLE = YES;
				IPHONEOS_DEPLOYMENT_TARGET = 8.0;
				MTL_ENABLE_DEBUG_INFO = NO;
				SWIFT_OPTIMIZATION_LEVEL = "-Owholemodule";
				SWIFT_VERSION = 3.0;
				VALIDATE_PRODUCT = YES;
				VERSIONING_SYSTEM = "apple-generic";
			};
			name = Release;
		};
		7B39ECAE62F9CC6D32AD30E0 /* Debug */ = {
			isa = XCBuildConfiguration;
			buildSettings = {
				ALWAYS_SEARCH_USER_PATHS = NO;
				CLANG_ANALYZER_NONNULL = YES;
				CLANG_CXX_LANGUAGE_STANDARD = "gnu++0x";
				CLANG_CXX_LIBRARY = "libc++";
				CLANG_ENABLE_MODULES = YES;
				CLANG_ENABLE_OBJC_ARC = YES;
				CLANG_WARN_BOOL_CONVERSION = YES;
				CLANG_WARN_CONSTANT_CONVERSION = YES;
				CLANG_WARN_DIRECT_OBJC_ISA_USAGE = YES_ERROR;
				CLANG_WARN_DOCUMENTATION_COMMENTS = YES;
				CLANG_WARN_EMPTY_BODY = YES;
				CLANG_WARN_ENUM_CONVERSION = YES;
				CLANG_WARN_INFINITE_RECURSION = YES;
				CLANG_WARN_INT_CONVERSION = YES;
				CLANG_WARN_OBJC_ROOT_CLASS = YES_ERROR;
				CLANG_WARN_SUSPICIOUS_MOVE = YES;
				CLANG_WARN_SUSPICIOUS_MOVES = YES;
				CLANG_WARN_UNREACHABLE_CODE = YES;
				CLANG_WARN__DUPLICATE_METHOD_MATCH = YES;
				CODE_SIGN_IDENTITY = "-";
				"CODE_SIGN_IDENTITY[sdk=iphoneos*]" = "";
				COPY_PHASE_STRIP = NO;
				CURRENT_PROJECT_VERSION = 0;
				DEBUG_INFORMATION_FORMAT = dwarf;
				ENABLE_STRICT_OBJC_MSGSEND = YES;
				ENABLE_TESTABILITY = YES;
				GCC_C_LANGUAGE_STANDARD = gnu99;
				GCC_DYNAMIC_NO_PIC = NO;
				GCC_NO_COMMON_BLOCKS = YES;
				GCC_OPTIMIZATION_LEVEL = 0;
				GCC_PREPROCESSOR_DEFINITIONS = (
					"DEBUG=1",
					"$(inherited)",
				);
				GCC_WARN_64_TO_32_BIT_CONVERSION = YES;
				GCC_WARN_ABOUT_RETURN_TYPE = YES_ERROR;
				GCC_WARN_UNDECLARED_SELECTOR = YES;
				GCC_WARN_UNINITIALIZED_AUTOS = YES_AGGRESSIVE;
				GCC_WARN_UNUSED_FUNCTION = YES;
				GCC_WARN_UNUSED_VARIABLE = YES;
				IPHONEOS_DEPLOYMENT_TARGET = 8.0;
				MTL_ENABLE_DEBUG_INFO = YES;
				ONLY_ACTIVE_ARCH = YES;
				SWIFT_ACTIVE_COMPILATION_CONDITIONS = DEBUG;
				SWIFT_OPTIMIZATION_LEVEL = "-Onone";
				SWIFT_VERSION = 3.0;
				VERSIONING_SYSTEM = "apple-generic";
			};
			name = Debug;
		};
		99DC824A739E74C7945F0E28 /* Release */ = {
			isa = XCBuildConfiguration;
			baseConfigurationReference = 280F9B47F326AFBB444420E4 /* Pods-Fwk.release.xcconfig */;
			buildSettings = {
				ALWAYS_EMBED_SWIFT_STANDARD_LIBRARIES = YES;
				CURRENT_PROJECT_VERSION = 0;
				DEFINES_MODULE = NO;
				ENABLE_TESTABILITY = YES;
				INFOPLIST_FILE = Info/Fwk.plist;
				INSTALL_PATH = "$(LOCAL_LIBRARY_DIR)/Frameworks";
				IPHONEOS_DEPLOYMENT_TARGET = 8.0;
				LD_RUNPATH_SEARCH_PATHS = "$(inherited) @executable_path/Frameworks";
				PRODUCT_BUNDLE_IDENTIFIER = io.XCEssentials.CollectionViewData;
				PRODUCT_NAME = XCECollectionViewData;
				SDKROOT = iphoneos;
				SKIP_INSTALL = YES;
				SWIFT_VERSION = 3.0;
				TARGETED_DEVICE_FAMILY = "1,2";
				VERSIONING_SYSTEM = "apple-generic";
				VERSION_INFO_PREFIX = "";
			};
			name = Release;
		};
		BF2078596B29F377B63BDFC6 /* Release */ = {
			isa = XCBuildConfiguration;
			baseConfigurationReference = A895E70271C851B4F7E9DF34 /* Pods-Tests.release.xcconfig */;
			buildSettings = {
				ALWAYS_EMBED_SWIFT_STANDARD_LIBRARIES = YES;
				BUNDLE_LOADER = "$(TEST_HOST)";
				FRAMEWORK_SEARCH_PATHS = (
					"$(inherited)",
					"$(BUILT_PRODUCTS_DIR)",
				);
				INFOPLIST_FILE = Info/Tst.plist;
				IPHONEOS_DEPLOYMENT_TARGET = 8.0;
				LD_RUNPATH_SEARCH_PATHS = "$(inherited) @executable_path/Frameworks @loader_path/Frameworks";
				PRODUCT_BUNDLE_IDENTIFIER = io.XCEssentials.CollectionViewData.Tst;
				PRODUCT_NAME = "$(TARGET_NAME)";
				SDKROOT = iphoneos;
				SWIFT_VERSION = 3.0;
			};
			name = Release;
		};
		CDAAC1C3065B2ACE08426879 /* Debug */ = {
			isa = XCBuildConfiguration;
			baseConfigurationReference = 43CC54B1DF4ECA31D001D019 /* Pods-Tests.debug.xcconfig */;
			buildSettings = {
				ALWAYS_EMBED_SWIFT_STANDARD_LIBRARIES = YES;
				BUNDLE_LOADER = "$(TEST_HOST)";
				FRAMEWORK_SEARCH_PATHS = (
					"$(inherited)",
					"$(BUILT_PRODUCTS_DIR)",
				);
				INFOPLIST_FILE = Info/Tst.plist;
				IPHONEOS_DEPLOYMENT_TARGET = 8.0;
				LD_RUNPATH_SEARCH_PATHS = "$(inherited) @executable_path/Frameworks @loader_path/Frameworks";
				MTL_ENABLE_DEBUG_INFO = true;
				PRODUCT_BUNDLE_IDENTIFIER = io.XCEssentials.CollectionViewData.Tst;
				PRODUCT_NAME = "$(TARGET_NAME)";
				SDKROOT = iphoneos;
				SWIFT_VERSION = 3.0;
			};
			name = Debug;
		};
		E071A03C2E198A692A9A533B /* Debug */ = {
			isa = XCBuildConfiguration;
			baseConfigurationReference = 11340EE4F1A8B81DA6D42A18 /* Pods-Fwk.debug.xcconfig */;
			buildSettings = {
				ALWAYS_EMBED_SWIFT_STANDARD_LIBRARIES = YES;
				CURRENT_PROJECT_VERSION = 0;
				DEFINES_MODULE = NO;
				ENABLE_TESTABILITY = YES;
				INFOPLIST_FILE = Info/Fwk.plist;
				INSTALL_PATH = "$(LOCAL_LIBRARY_DIR)/Frameworks";
				IPHONEOS_DEPLOYMENT_TARGET = 8.0;
				LD_RUNPATH_SEARCH_PATHS = "$(inherited) @executable_path/Frameworks";
				MTL_ENABLE_DEBUG_INFO = true;
				PRODUCT_BUNDLE_IDENTIFIER = io.XCEssentials.CollectionViewData;
				PRODUCT_NAME = XCECollectionViewData;
				SDKROOT = iphoneos;
				SKIP_INSTALL = YES;
				SWIFT_VERSION = 3.0;
				TARGETED_DEVICE_FAMILY = "1,2";
				VERSIONING_SYSTEM = "apple-generic";
				VERSION_INFO_PREFIX = "";
			};
			name = Debug;
		};
/* End XCBuildConfiguration section */

/* Begin XCConfigurationList section */
		6867A49ECC9C6D4EDD1E7423 /* Build configuration list for PBXNativeTarget "Tests" */ = {
			isa = XCConfigurationList;
			buildConfigurations = (
				CDAAC1C3065B2ACE08426879 /* Debug */,
				BF2078596B29F377B63BDFC6 /* Release */,
			);
			defaultConfigurationIsVisible = 0;
			defaultConfigurationName = Release;
		};
		991AB28BACF9E5925C0BAFAD /* Build configuration list for PBXNativeTarget "Fwk" */ = {
			isa = XCConfigurationList;
			buildConfigurations = (
				E071A03C2E198A692A9A533B /* Debug */,
				99DC824A739E74C7945F0E28 /* Release */,
			);
			defaultConfigurationIsVisible = 0;
			defaultConfigurationName = Release;
		};
		D913728EDCAB242FDD864CB8 /* Build configuration list for PBXProject "Main" */ = {
			isa = XCConfigurationList;
			buildConfigurations = (
				7B39ECAE62F9CC6D32AD30E0 /* Debug */,
				0898F3D54E945DF84486E5A8 /* Release */,
			);
			defaultConfigurationIsVisible = 0;
			defaultConfigurationName = Debug;
		};
/* End XCConfigurationList section */
	};
	rootObject = 800C12EBA73C57E4FAA53392 /* Project object */;
}
